# generated by rye
# use `rye lock` or `rye sync` to update this lockfile
#
# last locked with the following flags:
#   pre: false
#   features: []
#   all-features: false
#   with-sources: false

-e file:.
black==24.1.1
click==8.1.7
mypy-extensions==1.0.0
nodeenv==1.8.0
packaging==23.2
pathspec==0.12.1
platformdirs==4.2.0
pyright==1.1.349
# The following packages are considered to be unsafe in a requirements file:
setuptools==69.0.3
