{
  "nodes": {
    "arto": {
      "inputs": {
        "crane": "crane",
        "nixpkgs": "nixpkgs"
      },
      "locked": {
        "lastModified": 1774019420,
        "narHash": "sha256-+EktzApOiKYBTpR8QQKWGBF2ydkpMC+pCfBowbcaRao=",
        "owner": "arto-app",
        "repo": "Arto",
        "rev": "7ae3b0b636dccd2235d58b4878f291082bd683f7",
        "type": "github"
      },
      "original": {
        "owner": "arto-app",
        "repo": "Arto",
        "type": "github"
      }
    },
    "blueprint": {
      "inputs": {
        "nixpkgs": [
          "llm-agents",
          "nixpkgs"
        ],
        "systems": [
          "llm-agents",
          "systems"
        ]
      },
      "locked": {
        "lastModified": 1771437256,
        "narHash": "sha256-bLqwib+rtyBRRVBWhMuBXPCL/OThfokA+j6+uH7jDGU=",
        "owner": "numtide",
        "repo": "blueprint",
        "rev": "06ee7190dc2620ea98af9eb225aa9627b68b0e33",
        "type": "github"
      },
      "original": {
        "owner": "numtide",
        "repo": "blueprint",
        "type": "github"
      }
    },
    "brew-api": {
      "flake": false,
      "locked": {
        "lastModified": 1774340105,
        "narHash": "sha256-6dFB8CjU/Qf5BTP91hhYrkpALj8iF+C1bmTK0Rs1588=",
        "owner": "BatteredBunny",
        "repo": "brew-api",
        "rev": "cdbff0a179b35e2af5fab6fdfa89d9e57f325eaf",
        "type": "github"
      },
      "original": {
        "owner": "BatteredBunny",
        "repo": "brew-api",
        "type": "github"
      }
    },
    "brew-nix": {
      "inputs": {
        "brew-api": [
          "brew-api"
        ],
        "nix-darwin": [
          "nix-darwin"
        ],
        "nixpkgs": [
          "nixpkgs"
        ]
      },
      "locked": {
        "lastModified": 1773425328,
        "narHash": "sha256-XDyU/r2HSsDvTqFULr88jjlLkpGOflj/i+aofAMNdL8=",
        "owner": "BatteredBunny",
        "repo": "brew-nix",
        "rev": "6fcb48f460c97ba65a9ce94f8c841b36f53122fc",
        "type": "github"
      },
      "original": {
        "owner": "BatteredBunny",
        "repo": "brew-nix",
        "type": "github"
      }
    },
    "bun2nix": {
      "inputs": {
        "flake-parts": [
          "llm-agents",
          "flake-parts"
        ],
        "import-tree": "import-tree",
        "nixpkgs": [
          "llm-agents",
          "nixpkgs"
        ],
        "systems": [
          "llm-agents",
          "systems"
        ],
        "treefmt-nix": [
          "llm-agents",
          "treefmt-nix"
        ]
      },
      "locked": {
        "lastModified": 1770895533,
        "narHash": "sha256-v3QaK9ugy9bN9RXDnjw0i2OifKmz2NnKM82agtqm/UY=",
        "owner": "nix-community",
        "repo": "bun2nix",
        "rev": "c843f477b15f51151f8c6bcc886954699440a6e1",
        "type": "github"
      },
      "original": {
        "owner": "nix-community",
        "repo": "bun2nix",
        "type": "github"
      }
    },
    "crane": {
      "locked": {
        "lastModified": 1770419512,
        "narHash": "sha256-o8Vcdz6B6bkiGUYkZqFwH3Pv1JwZyXht3dMtS7RchIo=",
        "owner": "ipetkov",
        "repo": "crane",
        "rev": "2510f2cbc3ccd237f700bb213756a8f35c32d8d7",
        "type": "github"
      },
      "original": {
        "owner": "ipetkov",
        "repo": "crane",
        "type": "github"
      }
    },
    "emacs-overlay": {
      "inputs": {
        "nixpkgs": [
          "nixpkgs"
        ],
        "nixpkgs-stable": "nixpkgs-stable"
      },
      "locked": {
        "lastModified": 1774317756,
        "narHash": "sha256-xVS/kpsiviyZj5HlDE96CEhozlIrHSNcXU32OxA5SFs=",
        "owner": "nix-community",
        "repo": "emacs-overlay",
        "rev": "4315c8948fabe4b82527062c06b2c94a0a3d09b4",
        "type": "github"
      },
      "original": {
        "owner": "nix-community",
        "repo": "emacs-overlay",
        "type": "github"
      }
    },
    "flake-parts": {
      "inputs": {
        "nixpkgs-lib": "nixpkgs-lib"
      },
      "locked": {
        "lastModified": 1772408722,
        "narHash": "sha256-rHuJtdcOjK7rAHpHphUb1iCvgkU3GpfvicLMwwnfMT0=",
        "owner": "hercules-ci",
        "repo": "flake-parts",
        "rev": "f20dc5d9b8027381c474144ecabc9034d6a839a3",
        "type": "github"
      },
      "original": {
        "owner": "hercules-ci",
        "repo": "flake-parts",
        "type": "github"
      }
    },
    "flake-parts_2": {
      "inputs": {
        "nixpkgs-lib": [
          "llm-agents",
          "nixpkgs"
        ]
      },
      "locked": {
        "lastModified": 1772408722,
        "narHash": "sha256-rHuJtdcOjK7rAHpHphUb1iCvgkU3GpfvicLMwwnfMT0=",
        "owner": "hercules-ci",
        "repo": "flake-parts",
        "rev": "f20dc5d9b8027381c474144ecabc9034d6a839a3",
        "type": "github"
      },
      "original": {
        "owner": "hercules-ci",
        "repo": "flake-parts",
        "type": "github"
      }
    },
    "flake-parts_3": {
      "inputs": {
        "nixpkgs-lib": [
          "neovim-nightly-overlay",
          "nixpkgs"
        ]
      },
      "locked": {
        "lastModified": 1772408722,
        "narHash": "sha256-rHuJtdcOjK7rAHpHphUb1iCvgkU3GpfvicLMwwnfMT0=",
        "owner": "hercules-ci",
        "repo": "flake-parts",
        "rev": "f20dc5d9b8027381c474144ecabc9034d6a839a3",
        "type": "github"
      },
      "original": {
        "owner": "hercules-ci",
        "repo": "flake-parts",
        "type": "github"
      }
    },
    "flake-utils": {
      "inputs": {
        "systems": "systems"
      },
      "locked": {
        "lastModified": 1731533236,
        "narHash": "sha256-l0KFg5HjrsfsO/JpG+r7fRrqm12kzFHyUHqHCVpMMbI=",
        "owner": "numtide",
        "repo": "flake-utils",
        "rev": "11707dc2f618dd54ca8739b309ec4fc024de578b",
        "type": "github"
      },
      "original": {
        "owner": "numtide",
        "repo": "flake-utils",
        "type": "github"
      }
    },
    "home-manager": {
      "inputs": {
        "nixpkgs": [
          "nixpkgs"
        ]
      },
      "locked": {
        "lastModified": 1774293042,
        "narHash": "sha256-OEBV+Y5I4Ldu98k0KvGXRfJYh+jjE8ocCSL/dxTGs1s=",
        "owner": "nix-community",
        "repo": "home-manager",
        "rev": "bc357c75e3142a31b849ba49c5299fb52c61cf59",
        "type": "github"
      },
      "original": {
        "owner": "nix-community",
        "repo": "home-manager",
        "type": "github"
      }
    },
    "import-tree": {
      "locked": {
        "lastModified": 1763762820,
        "narHash": "sha256-ZvYKbFib3AEwiNMLsejb/CWs/OL/srFQ8AogkebEPF0=",
        "owner": "vic",
        "repo": "import-tree",
        "rev": "3c23749d8013ec6daa1d7255057590e9ca726646",
        "type": "github"
      },
      "original": {
        "owner": "vic",
        "repo": "import-tree",
        "type": "github"
      }
    },
    "llm-agents": {
      "inputs": {
        "blueprint": "blueprint",
        "bun2nix": "bun2nix",
        "flake-parts": "flake-parts_2",
        "nixpkgs": "nixpkgs_2",
        "systems": "systems_2",
        "treefmt-nix": "treefmt-nix"
      },
      "locked": {
        "lastModified": 1774333104,
        "narHash": "sha256-acWWrX21golBLxEQ+RxEow2MZ7KxFi8iCH1LUXUL4eg=",
        "owner": "numtide",
        "repo": "llm-agents.nix",
        "rev": "2935ee5defa6159e56cc31ee122f8caa3772c174",
        "type": "github"
      },
      "original": {
        "owner": "numtide",
        "repo": "llm-agents.nix",
        "type": "github"
      }
    },
    "neovim-nightly-overlay": {
      "inputs": {
        "flake-parts": "flake-parts_3",
        "neovim-src": "neovim-src",
        "nixpkgs": "nixpkgs_3"
      },
      "locked": {
        "lastModified": 1774310655,
        "narHash": "sha256-wKLJ5XMA1x3rcJOckqp0VC6QkJ9IKJwANG37VMbYxvw=",
        "owner": "nix-community",
        "repo": "neovim-nightly-overlay",
        "rev": "0fcef258e524f08cdcaaa163c37f14b892f6fd88",
        "type": "github"
      },
      "original": {
        "owner": "nix-community",
        "repo": "neovim-nightly-overlay",
        "type": "github"
      }
    },
    "neovim-src": {
      "flake": false,
      "locked": {
        "lastModified": 1774309203,
        "narHash": "sha256-iCxl6+jjAXSLmmoYjbgO6k2/hm/a2EVxMW44oCA1GWs=",
        "owner": "neovim",
        "repo": "neovim",
        "rev": "1de1c08210076edbdc23fba86d9ffff25b54cbd8",
        "type": "github"
      },
      "original": {
        "owner": "neovim",
        "repo": "neovim",
        "type": "github"
      }
    },
    "nix-darwin": {
      "inputs": {
        "nixpkgs": [
          "nixpkgs"
        ]
      },
      "locked": {
        "lastModified": 1773000227,
        "narHash": "sha256-zm3ftUQw0MPumYi91HovoGhgyZBlM4o3Zy0LhPNwzXE=",
        "owner": "LnL7",
        "repo": "nix-darwin",
        "rev": "da529ac9e46f25ed5616fd634079a5f3c579135f",
        "type": "github"
      },
      "original": {
        "owner": "LnL7",
        "repo": "nix-darwin",
        "type": "github"
      }
    },
    "nixpkgs": {
      "locked": {
        "lastModified": 1770169770,
        "narHash": "sha256-awR8qIwJxJJiOmcEGgP2KUqYmHG4v/z8XpL9z8FnT1A=",
        "owner": "NixOS",
        "repo": "nixpkgs",
        "rev": "aa290c9891fa4ebe88f8889e59633d20cc06a5f2",
        "type": "github"
      },
      "original": {
        "owner": "NixOS",
        "ref": "nixpkgs-unstable",
        "repo": "nixpkgs",
        "type": "github"
      }
    },
    "nixpkgs-lib": {
      "locked": {
        "lastModified": 1772328832,
        "narHash": "sha256-e+/T/pmEkLP6BHhYjx6GmwP5ivonQQn0bJdH9YrRB+Q=",
        "owner": "nix-community",
        "repo": "nixpkgs.lib",
        "rev": "c185c7a5e5dd8f9add5b2f8ebeff00888b070742",
        "type": "github"
      },
      "original": {
        "owner": "nix-community",
        "repo": "nixpkgs.lib",
        "type": "github"
      }
    },
    "nixpkgs-stable": {
      "locked": {
        "lastModified": 1774244481,
        "narHash": "sha256-4XfMXU0DjN83o6HWZoKG9PegCvKvIhNUnRUI19vzTcQ=",
        "owner": "NixOS",
        "repo": "nixpkgs",
        "rev": "4590696c8693fea477850fe379a01544293ca4e2",
        "type": "github"
      },
      "original": {
        "owner": "NixOS",
        "ref": "nixos-25.11",
        "repo": "nixpkgs",
        "type": "github"
      }
    },
    "nixpkgs_2": {
      "locked": {
        "lastModified": 1773840656,
        "narHash": "sha256-9tpvMGFteZnd3gRQZFlRCohVpqooygFuy9yjuyRL2C0=",
        "owner": "NixOS",
        "repo": "nixpkgs",
        "rev": "9cf7092bdd603554bd8b63c216e8943cf9b12512",
        "type": "github"
      },
      "original": {
        "owner": "NixOS",
        "ref": "nixpkgs-unstable",
        "repo": "nixpkgs",
        "type": "github"
      }
    },
    "nixpkgs_3": {
      "locked": {
        "lastModified": 1774243609,
        "narHash": "sha256-6sB2IYqXYwoQS11Ev0u3b0lpAleTpvNv5iv4iqiCCR8=",
        "owner": "NixOS",
        "repo": "nixpkgs",
        "rev": "4724d5647207377bede08da3212f809cbd94a648",
        "type": "github"
      },
      "original": {
        "owner": "NixOS",
        "ref": "nixpkgs-unstable",
        "repo": "nixpkgs",
        "type": "github"
      }
    },
    "nixpkgs_4": {
      "locked": {
        "lastModified": 1774106199,
        "narHash": "sha256-US5Tda2sKmjrg2lNHQL3jRQ6p96cgfWh3J1QBliQ8Ws=",
        "owner": "nixos",
        "repo": "nixpkgs",
        "rev": "6c9a78c09ff4d6c21d0319114873508a6ec01655",
        "type": "github"
      },
      "original": {
        "owner": "nixos",
        "ref": "nixos-unstable",
        "repo": "nixpkgs",
        "type": "github"
      }
    },
    "org-babel": {
      "locked": {
        "lastModified": 1731256202,
        "narHash": "sha256-xtV0vIUhl3ZUzaUIHSaiWpybxyCgQ9Yp/MUGo3f5zvM=",
        "owner": "emacs-twist",
        "repo": "org-babel",
        "rev": "a5d16c54aca35c07af59d216cda598163512db42",
        "type": "github"
      },
      "original": {
        "owner": "emacs-twist",
        "repo": "org-babel",
        "type": "github"
      }
    },
    "root": {
      "inputs": {
        "arto": "arto",
        "brew-api": "brew-api",
        "brew-nix": "brew-nix",
        "emacs-overlay": "emacs-overlay",
        "flake-parts": "flake-parts",
        "flake-utils": "flake-utils",
        "home-manager": "home-manager",
        "llm-agents": "llm-agents",
        "neovim-nightly-overlay": "neovim-nightly-overlay",
        "nix-darwin": "nix-darwin",
        "nixpkgs": "nixpkgs_4",
        "org-babel": "org-babel",
        "vim-src": "vim-src"
      }
    },
    "systems": {
      "locked": {
        "lastModified": 1681028828,
        "narHash": "sha256-Vy1rq5AaRuLzOxct8nz4T6wlgyUR7zLU309k9mBC768=",
        "owner": "nix-systems",
        "repo": "default",
        "rev": "da67096a3b9bf56a91d16901293e51ba5b49a27e",
        "type": "github"
      },
      "original": {
        "owner": "nix-systems",
        "repo": "default",
        "type": "github"
      }
    },
    "systems_2": {
      "locked": {
        "lastModified": 1681028828,
        "narHash": "sha256-Vy1rq5AaRuLzOxct8nz4T6wlgyUR7zLU309k9mBC768=",
        "owner": "nix-systems",
        "repo": "default",
        "rev": "da67096a3b9bf56a91d16901293e51ba5b49a27e",
        "type": "github"
      },
      "original": {
        "owner": "nix-systems",
        "repo": "default",
        "type": "github"
      }
    },
    "treefmt-nix": {
      "inputs": {
        "nixpkgs": [
          "llm-agents",
          "nixpkgs"
        ]
      },
      "locked": {
        "lastModified": 1773297127,
        "narHash": "sha256-6E/yhXP7Oy/NbXtf1ktzmU8SdVqJQ09HC/48ebEGBpk=",
        "owner": "numtide",
        "repo": "treefmt-nix",
        "rev": "71b125cd05fbfd78cab3e070b73544abe24c5016",
        "type": "github"
      },
      "original": {
        "owner": "numtide",
        "repo": "treefmt-nix",
        "type": "github"
      }
    },
    "vim-src": {
      "flake": false,
      "locked": {
        "lastModified": 1774295640,
        "narHash": "sha256-sIawk0Da+5qEwQEjcTEC5Oj2l0rKi2iB8xWQOOrO4g8=",
        "owner": "vim",
        "repo": "vim",
        "rev": "c9eaff0a8ac7d8c38878361b53343348d93afff5",
        "type": "github"
      },
      "original": {
        "owner": "vim",
        "repo": "vim",
        "type": "github"
      }
    }
  },
  "root": "root",
  "version": 7
}
