{
  "nodes": {
    "emacs-overlay": {
      "inputs": {
        "nixpkgs": [
          "nixpkgs"
        ],
        "nixpkgs-stable": "nixpkgs-stable"
      },
      "locked": {
        "lastModified": 1743527799,
        "narHash": "sha256-YbpRE9BakzzB5sxeb/ib5OmMQyR4S5gdhFaFHhAbGcs=",
        "owner": "nix-community",
        "repo": "emacs-overlay",
        "rev": "546597a40c0f033b319ea9b64ff40e1aaaee2faf",
        "type": "github"
      },
      "original": {
        "owner": "nix-community",
        "repo": "emacs-overlay",
        "type": "github"
      }
    },
    "flake-compat": {
      "flake": false,
      "locked": {
        "lastModified": 1733328505,
        "narHash": "sha256-NeCCThCEP3eCl2l/+27kNNK7QrwZB1IJCrXfrbv5oqU=",
        "owner": "edolstra",
        "repo": "flake-compat",
        "rev": "ff81ac966bb2cae68946d5ed5fc4994f96d0ffec",
        "type": "github"
      },
      "original": {
        "owner": "edolstra",
        "repo": "flake-compat",
        "type": "github"
      }
    },
    "flake-compat_2": {
      "flake": false,
      "locked": {
        "lastModified": 1696426674,
        "narHash": "sha256-kvjfFW7WAETZlt09AgDn1MrtKzP7t90Vf7vypd3OL1U=",
        "owner": "edolstra",
        "repo": "flake-compat",
        "rev": "0f9255e01c2351cc7d116c072cb317785dd33b33",
        "type": "github"
      },
      "original": {
        "owner": "edolstra",
        "repo": "flake-compat",
        "type": "github"
      }
    },
    "flake-parts": {
      "inputs": {
        "nixpkgs-lib": [
          "neovim-nightly-overlay",
          "nixpkgs"
        ]
      },
      "locked": {
        "lastModified": 1741352980,
        "narHash": "sha256-+u2UunDA4Cl5Fci3m7S643HzKmIDAe+fiXrLqYsR2fs=",
        "owner": "hercules-ci",
        "repo": "flake-parts",
        "rev": "f4330d22f1c5d2ba72d3d22df5597d123fdb60a9",
        "type": "github"
      },
      "original": {
        "owner": "hercules-ci",
        "repo": "flake-parts",
        "type": "github"
      }
    },
    "flake-parts_2": {
      "inputs": {
        "nixpkgs-lib": [
          "neovim-nightly-overlay",
          "hercules-ci-effects",
          "nixpkgs"
        ]
      },
      "locked": {
        "lastModified": 1741352980,
        "narHash": "sha256-+u2UunDA4Cl5Fci3m7S643HzKmIDAe+fiXrLqYsR2fs=",
        "owner": "hercules-ci",
        "repo": "flake-parts",
        "rev": "f4330d22f1c5d2ba72d3d22df5597d123fdb60a9",
        "type": "github"
      },
      "original": {
        "id": "flake-parts",
        "type": "indirect"
      }
    },
    "git-hooks": {
      "inputs": {
        "flake-compat": "flake-compat_2",
        "gitignore": "gitignore",
        "nixpkgs": [
          "neovim-nightly-overlay",
          "nixpkgs"
        ]
      },
      "locked": {
        "lastModified": 1742649964,
        "narHash": "sha256-DwOTp7nvfi8mRfuL1escHDXabVXFGT1VlPD1JHrtrco=",
        "owner": "cachix",
        "repo": "git-hooks.nix",
        "rev": "dcf5072734cb576d2b0c59b2ac44f5050b5eac82",
        "type": "github"
      },
      "original": {
        "owner": "cachix",
        "repo": "git-hooks.nix",
        "type": "github"
      }
    },
    "gitignore": {
      "inputs": {
        "nixpkgs": [
          "neovim-nightly-overlay",
          "git-hooks",
          "nixpkgs"
        ]
      },
      "locked": {
        "lastModified": 1709087332,
        "narHash": "sha256-HG2cCnktfHsKV0s4XW83gU3F57gaTljL9KNSuG6bnQs=",
        "owner": "hercules-ci",
        "repo": "gitignore.nix",
        "rev": "637db329424fd7e46cf4185293b9cc8c88c95394",
        "type": "github"
      },
      "original": {
        "owner": "hercules-ci",
        "repo": "gitignore.nix",
        "type": "github"
      }
    },
    "hercules-ci-effects": {
      "inputs": {
        "flake-parts": "flake-parts_2",
        "nixpkgs": [
          "neovim-nightly-overlay",
          "nixpkgs"
        ]
      },
      "locked": {
        "lastModified": 1742014779,
        "narHash": "sha256-I6fG1zrfdLFcp/imGZElig0BJO3YU0QEXLgvwWoOpJ8=",
        "owner": "hercules-ci",
        "repo": "hercules-ci-effects",
        "rev": "524637ef84c177661690b924bf64a1ce18072a2c",
        "type": "github"
      },
      "original": {
        "owner": "hercules-ci",
        "repo": "hercules-ci-effects",
        "type": "github"
      }
    },
    "home-manager": {
      "inputs": {
        "nixpkgs": [
          "nixpkgs"
        ]
      },
      "locked": {
        "lastModified": 1743553103,
        "narHash": "sha256-mfqG5NEa1APkqiGT2arkBDHUeDm+1afFpTcwyE+Szbo=",
        "owner": "nix-community",
        "repo": "home-manager",
        "rev": "938e802b70ee7700141b18ef8dca05ad89917a37",
        "type": "github"
      },
      "original": {
        "owner": "nix-community",
        "repo": "home-manager",
        "type": "github"
      }
    },
    "neovim-nightly-overlay": {
      "inputs": {
        "flake-compat": "flake-compat",
        "flake-parts": "flake-parts",
        "git-hooks": "git-hooks",
        "hercules-ci-effects": "hercules-ci-effects",
        "neovim-src": "neovim-src",
        "nixpkgs": "nixpkgs",
        "treefmt-nix": "treefmt-nix"
      },
      "locked": {
        "lastModified": 1743488857,
        "narHash": "sha256-gaGs5mr6DNimKGOIoHzhF3fw4l8+yIkTP4QjMmPiYo8=",
        "owner": "nix-community",
        "repo": "neovim-nightly-overlay",
        "rev": "b3cbe06a36650160a0b565f1f59fb37ae2bd07c9",
        "type": "github"
      },
      "original": {
        "owner": "nix-community",
        "repo": "neovim-nightly-overlay",
        "type": "github"
      }
    },
    "neovim-src": {
      "flake": false,
      "locked": {
        "lastModified": 1743435745,
        "narHash": "sha256-wbdJ4GHdDktP6pyV8Z8Fz+/SGDz9D1k09SV5twEZAVY=",
        "owner": "neovim",
        "repo": "neovim",
        "rev": "2ee896201c463f57395cffd12a83c18a9a7bfd9b",
        "type": "github"
      },
      "original": {
        "owner": "neovim",
        "repo": "neovim",
        "type": "github"
      }
    },
    "nix-darwin": {
      "inputs": {
        "nixpkgs": [
          "nixpkgs"
        ]
      },
      "locked": {
        "lastModified": 1743496612,
        "narHash": "sha256-emPWa5lmKbnyuj8c1mSJUkzJNT+iJoU9GMcXwjp2oVM=",
        "owner": "LnL7",
        "repo": "nix-darwin",
        "rev": "73d59580d01e9b9f957ba749f336a272869c42dd",
        "type": "github"
      },
      "original": {
        "owner": "LnL7",
        "repo": "nix-darwin",
        "type": "github"
      }
    },
    "nixpkgs": {
      "locked": {
        "lastModified": 1743320628,
        "narHash": "sha256-FurMxmjEEqEMld11eX2vgfAx0Rz0JhoFm8UgxbfCZa8=",
        "owner": "NixOS",
        "repo": "nixpkgs",
        "rev": "63158b9cbb6ec93d26255871c447b0f01da81619",
        "type": "github"
      },
      "original": {
        "owner": "NixOS",
        "ref": "nixpkgs-unstable",
        "repo": "nixpkgs",
        "type": "github"
      }
    },
    "nixpkgs-stable": {
      "locked": {
        "lastModified": 1743367904,
        "narHash": "sha256-sOos1jZGKmT6xxPvxGQyPTApOunXvScV4lNjBCXd/CI=",
        "owner": "NixOS",
        "repo": "nixpkgs",
        "rev": "7ffe0edc685f14b8c635e3d6591b0bbb97365e6c",
        "type": "github"
      },
      "original": {
        "owner": "NixOS",
        "ref": "nixos-24.11",
        "repo": "nixpkgs",
        "type": "github"
      }
    },
    "nixpkgs_2": {
      "locked": {
        "lastModified": 1743315132,
        "narHash": "sha256-6hl6L/tRnwubHcA4pfUUtk542wn2Om+D4UnDhlDW9BE=",
        "owner": "nixos",
        "repo": "nixpkgs",
        "rev": "52faf482a3889b7619003c0daec593a1912fddc1",
        "type": "github"
      },
      "original": {
        "owner": "nixos",
        "ref": "nixos-unstable",
        "repo": "nixpkgs",
        "type": "github"
      }
    },
    "org-babel": {
      "locked": {
        "lastModified": 1731256202,
        "narHash": "sha256-xtV0vIUhl3ZUzaUIHSaiWpybxyCgQ9Yp/MUGo3f5zvM=",
        "owner": "emacs-twist",
        "repo": "org-babel",
        "rev": "a5d16c54aca35c07af59d216cda598163512db42",
        "type": "github"
      },
      "original": {
        "owner": "emacs-twist",
        "repo": "org-babel",
        "type": "github"
      }
    },
    "root": {
      "inputs": {
        "emacs-overlay": "emacs-overlay",
        "home-manager": "home-manager",
        "neovim-nightly-overlay": "neovim-nightly-overlay",
        "nix-darwin": "nix-darwin",
        "nixpkgs": "nixpkgs_2",
        "org-babel": "org-babel",
        "vim-src": "vim-src"
      }
    },
    "treefmt-nix": {
      "inputs": {
        "nixpkgs": [
          "neovim-nightly-overlay",
          "nixpkgs"
        ]
      },
      "locked": {
        "lastModified": 1743081648,
        "narHash": "sha256-WRAylyYptt6OX5eCEBWyTwOEqEtD6zt33rlUkr6u3cE=",
        "owner": "numtide",
        "repo": "treefmt-nix",
        "rev": "29a3d7b768c70addce17af0869f6e2bd8f5be4b7",
        "type": "github"
      },
      "original": {
        "owner": "numtide",
        "repo": "treefmt-nix",
        "type": "github"
      }
    },
    "vim-src": {
      "flake": false,
      "locked": {
        "lastModified": 1743533016,
        "narHash": "sha256-M5vG7Yz+r/S3zo8ca3Ofe+hsqydNKWCJcYSbCn+UsYQ=",
        "owner": "vim",
        "repo": "vim",
        "rev": "de8f8f732ac1bcf69899df6ffd27dca9a4e66f3c",
        "type": "github"
      },
      "original": {
        "owner": "vim",
        "repo": "vim",
        "type": "github"
      }
    }
  },
  "root": "root",
  "version": 7
}
